// !$*UTF8*$!
{
	archiveVersion = 1;
	classes = {
	};
	objectVersion = 50;
	objects = {

/* Begin PBXBuildFile section */
		246A60F925FD84DA0026C84E /* AppDelegate.swift in Sources */ = {isa = PBXBuildFile; fileRef = 246A60F825FD84DA0026C84E /* AppDelegate.swift */; };
		246A60FB25FD84DA0026C84E /* SceneDelegate.swift in Sources */ = {isa = PBXBuildFile; fileRef = 246A60FA25FD84DA0026C84E /* SceneDelegate.swift */; };
		246A60FD25FD84DA0026C84E /* ViewController.swift in Sources */ = {isa = PBXBuildFile; fileRef = 246A60FC25FD84DA0026C84E /* ViewController.swift */; };
		246A610025FD84DA0026C84E /* Main.storyboard in Resources */ = {isa = PBXBuildFile; fileRef = 246A60FE25FD84DA0026C84E /* Main.storyboard */; };
		246A610225FD84DC0026C84E /* Assets.xcassets in Resources */ = {isa = PBXBuildFile; fileRef = 246A610125FD84DC0026C84E /* Assets.xcassets */; };
		246A610525FD84DC0026C84E /* LaunchScreen.storyboard in Resources */ = {isa = PBXBuildFile; fileRef = 246A610325FD84DC0026C84E /* LaunchScreen.storyboard */; };
		246A611025FD84DC0026C84E /* ParstagramTests.swift in Sources */ = {isa = PBXBuildFile; fileRef = 246A610F25FD84DC0026C84E /* ParstagramTests.swift */; };
		246A611B25FD84DC0026C84E /* ParstagramUITests.swift in Sources */ = {isa = PBXBuildFile; fileRef = 246A611A25FD84DC0026C84E /* ParstagramUITests.swift */; };
/* End PBXBuildFile section */

/* Begin PBXContainerItemProxy section */
		246A610C25FD84DC0026C84E /* PBXContainerItemProxy */ = {
			isa = PBXContainerItemProxy;
			containerPortal = 246A60ED25FD84DA0026C84E /* Project object */;
			proxyType = 1;
			remoteGlobalIDString = 246A60F425FD84DA0026C84E;
			remoteInfo = Parstagram;
		};
		246A611725FD84DC0026C84E /* PBXContainerItemProxy */ = {
			isa = PBXContainerItemProxy;
			containerPortal = 246A60ED25FD84DA0026C84E /* Project object */;
			proxyType = 1;
			remoteGlobalIDString = 246A60F425FD84DA0026C84E;
			remoteInfo = Parstagram;
		};
/* End PBXContainerItemProxy section */

/* Begin PBXFileReference section */
		246A60F525FD84DA0026C84E /* Parstagram.app */ = {isa = PBXFileReference; explicitFileType = wrapper.application; includeInIndex = 0; path = Parstagram.app; sourceTree = BUILT_PRODUCTS_DIR; };
		246A60F825FD84DA0026C84E /* AppDelegate.swift */ = {isa = PBXFileReference; lastKnownFileType = sourcecode.swift; path = AppDelegate.swift; sourceTree = "<group>"; };
		246A60FA25FD84DA0026C84E /* SceneDelegate.swift */ = {isa = PBXFileReference; lastKnownFileType = sourcecode.swift; path = SceneDelegate.swift; sourceTree = "<group>"; };
		246A60FC25FD84DA0026C84E /* ViewController.swift */ = {isa = PBXFileReference; lastKnownFileType = sourcecode.swift; path = ViewController.swift; sourceTree = "<group>"; };
		246A60FF25FD84DA0026C84E /* Base */ = {isa = PBXFileReference; lastKnownFileType = file.storyboard; name = Base; path = Base.lproj/Main.storyboard; sourceTree = "<group>"; };
		246A610125FD84DC0026C84E /* Assets.xcassets */ = {isa = PBXFileReference; lastKnownFileType = folder.assetcatalog; path = Assets.xcassets; sourceTree = "<group>"; };
		246A610425FD84DC0026C84E /* Base */ = {isa = PBXFileReference; lastKnownFileType = file.storyboard; name = Base; path = Base.lproj/LaunchScreen.storyboard; sourceTree = "<group>"; };
		246A610625FD84DC0026C84E /* Info.plist */ = {isa = PBXFileReference; lastKnownFileType = text.plist.xml; path = Info.plist; sourceTree = "<group>"; };
		246A610B25FD84DC0026C84E /* ParstagramTests.xctest */ = {isa = PBXFileReference; explicitFileType = wrapper.cfbundle; includeInIndex = 0; path = ParstagramTests.xctest; sourceTree = BUILT_PRODUCTS_DIR; };
		246A610F25FD84DC0026C84E /* ParstagramTests.swift */ = {isa = PBXFileReference; lastKnownFileType = sourcecode.swift; path = ParstagramTests.swift; sourceTree = "<group>"; };
		246A611125FD84DC0026C84E /* Info.plist */ = {isa = PBXFileReference; lastKnownFileType = text.plist.xml; path = Info.plist; sourceTree = "<group>"; };
		246A611625FD84DC0026C84E /* ParstagramUITests.xctest */ = {isa = PBXFileReference; explicitFileType = wrapper.cfbundle; includeInIndex = 0; path = ParstagramUITests.xctest; sourceTree = BUILT_PRODUCTS_DIR; };
		246A611A25FD84DC0026C84E /* ParstagramUITests.swift */ = {isa = PBXFileReference; lastKnownFileType = sourcecode.swift; path = ParstagramUITests.swift; sourceTree = "<group>"; };
		246A611C25FD84DC0026C84E /* Info.plist */ = {isa = PBXFileReference; lastKnownFileType = text.plist.xml; path = Info.plist; sourceTree = "<group>"; };
/* End PBXFileReference section */

/* Begin PBXFrameworksBuildPhase section */
		246A60F225FD84DA0026C84E /* Frameworks */ = {
			isa = PBXFrameworksBuildPhase;
			buildActionMask = 2147483647;
			files = (
			);
			runOnlyForDeploymentPostprocessing = 0;
		};
		246A610825FD84DC0026C84E /* Frameworks */ = {
			isa = PBXFrameworksBuildPhase;
			buildActionMask = 2147483647;
			files = (
			);
			runOnlyForDeploymentPostprocessing = 0;
		};
		246A611325FD84DC0026C84E /* Frameworks */ = {
			isa = PBXFrameworksBuildPhase;
			buildActionMask = 2147483647;
			files = (
			);
			runOnlyForDeploymentPostprocessing = 0;
		};
/* End PBXFrameworksBuildPhase section */

/* Begin PBXGroup section */
		246A60EC25FD84DA0026C84E = {
			isa = PBXGroup;
			children = (
				246A60F725FD84DA0026C84E /* Parstagram */,
				246A610E25FD84DC0026C84E /* ParstagramTests */,
				246A611925FD84DC0026C84E /* ParstagramUITests */,
				246A60F625FD84DA0026C84E /* Products */,
			);
			sourceTree = "<group>";
		};
		246A60F625FD84DA0026C84E /* Products */ = {
			isa = PBXGroup;
			children = (
				246A60F525FD84DA0026C84E /* Parstagram.app */,
				246A610B25FD84DC0026C84E /* ParstagramTests.xctest */,
				246A611625FD84DC0026C84E /* ParstagramUITests.xctest */,
			);
			name = Products;
			sourceTree = "<group>";
		};
		246A60F725FD84DA0026C84E /* Parstagram */ = {
			isa = PBXGroup;
			children = (
				246A60F825FD84DA0026C84E /* AppDelegate.swift */,
				246A60FA25FD84DA0026C84E /* SceneDelegate.swift */,
				246A60FC25FD84DA0026C84E /* ViewController.swift */,
				246A60FE25FD84DA0026C84E /* Main.storyboard */,
				246A610125FD84DC0026C84E /* Assets.xcassets */,
				246A610325FD84DC0026C84E /* LaunchScreen.storyboard */,
				246A610625FD84DC0026C84E /* Info.plist */,
			);
			path = Parstagram;
			sourceTree = "<group>";
		};
		246A610E25FD84DC0026C84E /* ParstagramTests */ = {
			isa = PBXGroup;
			children = (
				246A610F25FD84DC0026C84E /* ParstagramTests.swift */,
				246A611125FD84DC0026C84E /* Info.plist */,
			);
			path = ParstagramTests;
			sourceTree = "<group>";
		};
		246A611925FD84DC0026C84E /* ParstagramUITests */ = {
			isa = PBXGroup;
			children = (
				246A611A25FD84DC0026C84E /* ParstagramUITests.swift */,
				246A611C25FD84DC0026C84E /* Info.plist */,
			);
			path = ParstagramUITests;
			sourceTree = "<group>";
		};
/* End PBXGroup section */

/* Begin PBXNativeTarget section */
		246A60F425FD84DA0026C84E /* Parstagram */ = {
			isa = PBXNativeTarget;
			buildConfigurationList = 246A611F25FD84DC0026C84E /* Build configuration list for PBXNativeTarget "Parstagram" */;
			buildPhases = (
				246A60F125FD84DA0026C84E /* Sources */,
				246A60F225FD84DA0026C84E /* Frameworks */,
				246A60F325FD84DA0026C84E /* Resources */,
			);
			buildRules = (
			);
			dependencies = (
			);
			name = Parstagram;
			productName = Parstagram;
			productReference = 246A60F525FD84DA0026C84E /* Parstagram.app */;
			productType = "com.apple.product-type.application";
		};
		246A610A25FD84DC0026C84E /* ParstagramTests */ = {
			isa = PBXNativeTarget;
			buildConfigurationList = 246A612225FD84DC0026C84E /* Build configuration list for PBXNativeTarget "ParstagramTests" */;
			buildPhases = (
				246A610725FD84DC0026C84E /* Sources */,
				246A610825FD84DC0026C84E /* Frameworks */,
				246A610925FD84DC0026C84E /* Resources */,
			);
			buildRules = (
			);
			dependencies = (
				246A610D25FD84DC0026C84E /* PBXTargetDependency */,
			);
			name = ParstagramTests;
			productName = ParstagramTests;
			productReference = 246A610B25FD84DC0026C84E /* ParstagramTests.xctest */;
			productType = "com.apple.product-type.bundle.unit-test";
		};
		246A611525FD84DC0026C84E /* ParstagramUITests */ = {
			isa = PBXNativeTarget;
			buildConfigurationList = 246A612525FD84DC0026C84E /* Build configuration list for PBXNativeTarget "ParstagramUITests" */;
			buildPhases = (
				246A611225FD84DC0026C84E /* Sources */,
				246A611325FD84DC0026C84E /* Frameworks */,
				246A611425FD84DC0026C84E /* Resources */,
			);
			buildRules = (
			);
			dependencies = (
				246A611825FD84DC0026C84E /* PBXTargetDependency */,
			);
			name = ParstagramUITests;
			productName = ParstagramUITests;
			productReference = 246A611625FD84DC0026C84E /* ParstagramUITests.xctest */;
			productType = "com.apple.product-type.bundle.ui-testing";
		};
/* End PBXNativeTarget section */

/* Begin PBXProject section */
		246A60ED25FD84DA0026C84E /* Project object */ = {
			isa = PBXProject;
			attributes = {
				LastSwiftUpdateCheck = 1240;
				LastUpgradeCheck = 1240;
				TargetAttributes = {
					246A60F425FD84DA0026C84E = {
						CreatedOnToolsVersion = 12.4;
					};
					246A610A25FD84DC0026C84E = {
						CreatedOnToolsVersion = 12.4;
						TestTargetID = 246A60F425FD84DA0026C84E;
					};
					246A611525FD84DC0026C84E = {
						CreatedOnToolsVersion = 12.4;
						TestTargetID = 246A60F425FD84DA0026C84E;
					};
				};
			};
			buildConfigurationList = 246A60F025FD84DA0026C84E /* Build configuration list for PBXProject "Parstagram" */;
			compatibilityVersion = "Xcode 9.3";
			developmentRegion = en;
			hasScannedForEncodings = 0;
			knownRegions = (
				en,
				Base,
			);
			mainGroup = 246A60EC25FD84DA0026C84E;
			productRefGroup = 246A60F625FD84DA0026C84E /* Products */;
			projectDirPath = "";
			projectRoot = "";
			targets = (
				246A60F425FD84DA0026C84E /* Parstagram */,
				246A610A25FD84DC0026C84E /* ParstagramTests */,
				246A611525FD84DC0026C84E /* ParstagramUITests */,
			);
		};
/* End PBXProject section */

/* Begin PBXResourcesBuildPhase section */
		246A60F325FD84DA0026C84E /* Resources */ = {
			isa = PBXResourcesBuildPhase;
			buildActionMask = 2147483647;
			files = (
				246A610525FD84DC0026C84E /* LaunchScreen.storyboard in Resources */,
				246A610225FD84DC0026C84E /* Assets.xcassets in Resources */,
				246A610025FD84DA0026C84E /* Main.storyboard in Resources */,
			);
			runOnlyForDeploymentPostprocessing = 0;
		};
		246A610925FD84DC0026C84E /* Resources */ = {
			isa = PBXResourcesBuildPhase;
			buildActionMask = 2147483647;
			files = (
			);
			runOnlyForDeploymentPostprocessing = 0;
		};
		246A611425FD84DC0026C84E /* Resources */ = {
			isa = PBXResourcesBuildPhase;
			buildActionMask = 2147483647;
			files = (
			);
			runOnlyForDeploymentPostprocessing = 0;
		};
/* End PBXResourcesBuildPhase section */

/* Begin PBXSourcesBuildPhase section */
		246A60F125FD84DA0026C84E /* Sources */ = {
			isa = PBXSourcesBuildPhase;
			buildActionMask = 2147483647;
			files = (
				246A60FD25FD84DA0026C84E /* ViewController.swift in Sources */,
				246A60F925FD84DA0026C84E /* AppDelegate.swift in Sources */,
				246A60FB25FD84DA0026C84E /* SceneDelegate.swift in Sources */,
			);
			runOnlyForDeploymentPostprocessing = 0;
		};
		246A610725FD84DC0026C84E /* Sources */ = {
			isa = PBXSourcesBuildPhase;
			buildActionMask = 2147483647;
			files = (
				246A611025FD84DC0026C84E /* ParstagramTests.swift in Sources */,
			);
			runOnlyForDeploymentPostprocessing = 0;
		};
		246A611225FD84DC0026C84E /* Sources */ = {
			isa = PBXSourcesBuildPhase;
			buildActionMask = 2147483647;
			files = (
				246A611B25FD84DC0026C84E /* ParstagramUITests.swift in Sources */,
			);
			runOnlyForDeploymentPostprocessing = 0;
		};
/* End PBXSourcesBuildPhase section */

/* Begin PBXTargetDependency section */
		246A610D25FD84DC0026C84E /* PBXTargetDependency */ = {
			isa = PBXTargetDependency;
			target = 246A60F425FD84DA0026C84E /* Parstagram */;
			targetProxy = 246A610C25FD84DC0026C84E /* PBXContainerItemProxy */;
		};
		246A611825FD84DC0026C84E /* PBXTargetDependency */ = {
			isa = PBXTargetDependency;
			target = 246A60F425FD84DA0026C84E /* Parstagram */;
			targetProxy = 246A611725FD84DC0026C84E /* PBXContainerItemProxy */;
		};
/* End PBXTargetDependency section */

/* Begin PBXVariantGroup section */
		246A60FE25FD84DA0026C84E /* Main.storyboard */ = {
			isa = PBXVariantGroup;
			children = (
				246A60FF25FD84DA0026C84E /* Base */,
			);
			name = Main.storyboard;
			sourceTree = "<group>";
		};
		246A610325FD84DC0026C84E /* LaunchScreen.storyboard */ = {
			isa = PBXVariantGroup;
			children = (
				246A610425FD84DC0026C84E /* Base */,
			);
			name = LaunchScreen.storyboard;
			sourceTree = "<group>";
		};
/* End PBXVariantGroup section */

/* Begin XCBuildConfiguration section */
		246A611D25FD84DC0026C84E /* Debug */ = {
			isa = XCBuildConfiguration;
			buildSettings = {
				ALWAYS_SEARCH_USER_PATHS = NO;
				CLANG_ANALYZER_NONNULL = YES;
				CLANG_ANALYZER_NUMBER_OBJECT_CONVERSION = YES_AGGRESSIVE;
				CLANG_CXX_LANGUAGE_STANDARD = "gnu++14";
				CLANG_CXX_LIBRARY = "libc++";
				CLANG_ENABLE_MODULES = YES;
				CLANG_ENABLE_OBJC_ARC = YES;
				CLANG_ENABLE_OBJC_WEAK = YES;
				CLANG_WARN_BLOCK_CAPTURE_AUTORELEASING = YES;
				CLANG_WARN_BOOL_CONVERSION = YES;
				CLANG_WARN_COMMA = YES;
				CLANG_WARN_CONSTANT_CONVERSION = YES;
				CLANG_WARN_DEPRECATED_OBJC_IMPLEMENTATIONS = YES;
				CLANG_WARN_DIRECT_OBJC_ISA_USAGE = YES_ERROR;
				CLANG_WARN_DOCUMENTATION_COMMENTS = YES;
				CLANG_WARN_EMPTY_BODY = YES;
				CLANG_WARN_ENUM_CONVERSION = YES;
				CLANG_WARN_INFINITE_RECURSION = YES;
				CLANG_WARN_INT_CONVERSION = YES;
				CLANG_WARN_NON_LITERAL_NULL_CONVERSION = YES;
				CLANG_WARN_OBJC_IMPLICIT_RETAIN_SELF = YES;
				CLANG_WARN_OBJC_LITERAL_CONVERSION = YES;
				CLANG_WARN_OBJC_ROOT_CLASS = YES_ERROR;
				CLANG_WARN_QUOTED_INCLUDE_IN_FRAMEWORK_HEADER = YES;
				CLANG_WARN_RANGE_LOOP_ANALYSIS = YES;
				CLANG_WARN_STRICT_PROTOTYPES = YES;
				CLANG_WARN_SUSPICIOUS_MOVE = YES;
				CLANG_WARN_UNGUARDED_AVAILABILITY = YES_AGGRESSIVE;
				CLANG_WARN_UNREACHABLE_CODE = YES;
				CLANG_WARN__DUPLICATE_METHOD_MATCH = YES;
				COPY_PHASE_STRIP = NO;
				DEBUG_INFORMATION_FORMAT = dwarf;
				ENABLE_STRICT_OBJC_MSGSEND = YES;
				ENABLE_TESTABILITY = YES;
				GCC_C_LANGUAGE_STANDARD = gnu11;
				GCC_DYNAMIC_NO_PIC = NO;
				GCC_NO_COMMON_BLOCKS = YES;
				GCC_OPTIMIZATION_LEVEL = 0;
				GCC_PREPROCESSOR_DEFINITIONS = (
					"DEBUG=1",
					"$(inherited)",
				);
				GCC_WARN_64_TO_32_BIT_CONVERSION = YES;
				GCC_WARN_ABOUT_RETURN_TYPE = YES_ERROR;
				GCC_WARN_UNDECLARED_SELECTOR = YES;
				GCC_WARN_UNINITIALIZED_AUTOS = YES_AGGRESSIVE;
				GCC_WARN_UNUSED_FUNCTION = YES;
				GCC_WARN_UNUSED_VARIABLE = YES;
				IPHONEOS_DEPLOYMENT_TARGET = 14.4;
				MTL_ENABLE_DEBUG_INFO = INCLUDE_SOURCE;
				MTL_FAST_MATH = YES;
				ONLY_ACTIVE_ARCH = YES;
				SDKROOT = iphoneos;
				SWIFT_ACTIVE_COMPILATION_CONDITIONS = DEBUG;
				SWIFT_OPTIMIZATION_LEVEL = "-Onone";
			};
			name = Debug;
		};
		246A611E25FD84DC0026C84E /* Release */ = {
			isa = XCBuildConfiguration;
			buildSettings = {
				ALWAYS_SEARCH_USER_PATHS = NO;
				CLANG_ANALYZER_NONNULL = YES;
				CLANG_ANALYZER_NUMBER_OBJECT_CONVERSION = YES_AGGRESSIVE;
				CLANG_CXX_LANGUAGE_STANDARD = "gnu++14";
				CLANG_CXX_LIBRARY = "libc++";
				CLANG_ENABLE_MODULES = YES;
				CLANG_ENABLE_OBJC_ARC = YES;
				CLANG_ENABLE_OBJC_WEAK = YES;
				CLANG_WARN_BLOCK_CAPTURE_AUTORELEASING = YES;
				CLANG_WARN_BOOL_CONVERSION = YES;
				CLANG_WARN_COMMA = YES;
				CLANG_WARN_CONSTANT_CONVERSION = YES;
				CLANG_WARN_DEPRECATED_OBJC_IMPLEMENTATIONS = YES;
				CLANG_WARN_DIRECT_OBJC_ISA_USAGE = YES_ERROR;
				CLANG_WARN_DOCUMENTATION_COMMENTS = YES;
				CLANG_WARN_EMPTY_BODY = YES;
				CLANG_WARN_ENUM_CONVERSION = YES;
				CLANG_WARN_INFINITE_RECURSION = YES;
				CLANG_WARN_INT_CONVERSION = YES;
				CLANG_WARN_NON_LITERAL_NULL_CONVERSION = YES;
				CLANG_WARN_OBJC_IMPLICIT_RETAIN_SELF = YES;
				CLANG_WARN_OBJC_LITERAL_CONVERSION = YES;
				CLANG_WARN_OBJC_ROOT_CLASS = YES_ERROR;
				CLANG_WARN_QUOTED_INCLUDE_IN_FRAMEWORK_HEADER = YES;
				CLANG_WARN_RANGE_LOOP_ANALYSIS = YES;
				CLANG_WARN_STRICT_PROTOTYPES = YES;
				CLANG_WARN_SUSPICIOUS_MOVE = YES;
				CLANG_WARN_UNGUARDED_AVAILABILITY = YES_AGGRESSIVE;
				CLANG_WARN_UNREACHABLE_CODE = YES;
				CLANG_WARN__DUPLICATE_METHOD_MATCH = YES;
				COPY_PHASE_STRIP = NO;
				DEBUG_INFORMATION_FORMAT = "dwarf-with-dsym";
				ENABLE_NS_ASSERTIONS = NO;
				ENABLE_STRICT_OBJC_MSGSEND = YES;
				GCC_C_LANGUAGE_STANDARD = gnu11;
				GCC_NO_COMMON_BLOCKS = YES;
				GCC_WARN_64_TO_32_BIT_CONVERSION = YES;
				GCC_WARN_ABOUT_RETURN_TYPE = YES_ERROR;
				GCC_WARN_UNDECLARED_SELECTOR = YES;
				GCC_WARN_UNINITIALIZED_AUTOS = YES_AGGRESSIVE;
				GCC_WARN_UNUSED_FUNCTION = YES;
				GCC_WARN_UNUSED_VARIABLE = YES;
				IPHONEOS_DEPLOYMENT_TARGET = 14.4;
				MTL_ENABLE_DEBUG_INFO = NO;
				MTL_FAST_MATH = YES;
				SDKROOT = iphoneos;
				SWIFT_COMPILATION_MODE = wholemodule;
				SWIFT_OPTIMIZATION_LEVEL = "-O";
				VALIDATE_PRODUCT = YES;
			};
			name = Release;
		};
		246A612025FD84DC0026C84E /* Debug */ = {
			isa = XCBuildConfiguration;
			buildSettings = {
				ASSETCATALOG_COMPILER_APPICON_NAME = AppIcon;
				ASSETCATALOG_COMPILER_GLOBAL_ACCENT_COLOR_NAME = AccentColor;
				CODE_SIGN_STYLE = Automatic;
				INFOPLIST_FILE = Parstagram/Info.plist;
				LD_RUNPATH_SEARCH_PATHS = (
					"$(inherited)",
					"@executable_path/Frameworks",
				);
				PRODUCT_BUNDLE_IDENTIFIER = memo.Parstagram;
				PRODUCT_NAME = "$(TARGET_NAME)";
				SWIFT_VERSION = 5.0;
				TARGETED_DEVICE_FAMILY = "1,2";
			};
			name = Debug;
		};
		246A612125FD84DC0026C84E /* Release */ = {
			isa = XCBuildConfiguration;
			buildSettings = {
				ASSETCATALOG_COMPILER_APPICON_NAME = AppIcon;
				ASSETCATALOG_COMPILER_GLOBAL_ACCENT_COLOR_NAME = AccentColor;
				CODE_SIGN_STYLE = Automatic;
				INFOPLIST_FILE = Parstagram/Info.plist;
				LD_RUNPATH_SEARCH_PATHS = (
					"$(inherited)",
					"@executable_path/Frameworks",
				);
				PRODUCT_BUNDLE_IDENTIFIER = memo.Parstagram;
				PRODUCT_NAME = "$(TARGET_NAME)";
				SWIFT_VERSION = 5.0;
				TARGETED_DEVICE_FAMILY = "1,2";
			};
			name = Release;
		};
		246A612325FD84DC0026C84E /* Debug */ = {
			isa = XCBuildConfiguration;
			buildSettings = {
				ALWAYS_EMBED_SWIFT_STANDARD_LIBRARIES = YES;
				BUNDLE_LOADER = "$(TEST_HOST)";
				CODE_SIGN_STYLE = Automatic;
				INFOPLIST_FILE = ParstagramTests/Info.plist;
				IPHONEOS_DEPLOYMENT_TARGET = 14.4;
				LD_RUNPATH_SEARCH_PATHS = (
					"$(inherited)",
					"@executable_path/Frameworks",
					"@loader_path/Frameworks",
				);
				PRODUCT_BUNDLE_IDENTIFIER = memo.ParstagramTests;
				PRODUCT_NAME = "$(TARGET_NAME)";
				SWIFT_VERSION = 5.0;
				TARGETED_DEVICE_FAMILY = "1,2";
				TEST_HOST = "$(BUILT_PRODUCTS_DIR)/Parstagram.app/Parstagram";
			};
			name = Debug;
		};
		246A612425FD84DC0026C84E /* Release */ = {
			isa = XCBuildConfiguration;
			buildSettings = {
				ALWAYS_EMBED_SWIFT_STANDARD_LIBRARIES = YES;
				BUNDLE_LOADER = "$(TEST_HOST)";
				CODE_SIGN_STYLE = Automatic;
				INFOPLIST_FILE = ParstagramTests/Info.plist;
				IPHONEOS_DEPLOYMENT_TARGET = 14.4;
				LD_RUNPATH_SEARCH_PATHS = (
					"$(inherited)",
					"@executable_path/Frameworks",
					"@loader_path/Frameworks",
				);
				PRODUCT_BUNDLE_IDENTIFIER = memo.ParstagramTests;
				PRODUCT_NAME = "$(TARGET_NAME)";
				SWIFT_VERSION = 5.0;
				TARGETED_DEVICE_FAMILY = "1,2";
				TEST_HOST = "$(BUILT_PRODUCTS_DIR)/Parstagram.app/Parstagram";
			};
			name = Release;
		};
		246A612625FD84DC0026C84E /* Debug */ = {
			isa = XCBuildConfiguration;
			buildSettings = {
				ALWAYS_EMBED_SWIFT_STANDARD_LIBRARIES = YES;
				CODE_SIGN_STYLE = Automatic;
				INFOPLIST_FILE = ParstagramUITests/Info.plist;
				LD_RUNPATH_SEARCH_PATHS = (
					"$(inherited)",
					"@executable_path/Frameworks",
					"@loader_path/Frameworks",
				);
				PRODUCT_BUNDLE_IDENTIFIER = memo.ParstagramUITests;
				PRODUCT_NAME = "$(TARGET_NAME)";
				SWIFT_VERSION = 5.0;
				TARGETED_DEVICE_FAMILY = "1,2";
				TEST_TARGET_NAME = Parstagram;
			};
			name = Debug;
		};
		246A612725FD84DC0026C84E /* Release */ = {
			isa = XCBuildConfiguration;
			buildSettings = {
				ALWAYS_EMBED_SWIFT_STANDARD_LIBRARIES = YES;
				CODE_SIGN_STYLE = Automatic;
				INFOPLIST_FILE = ParstagramUITests/Info.plist;
				LD_RUNPATH_SEARCH_PATHS = (
					"$(inherited)",
					"@executable_path/Frameworks",
					"@loader_path/Frameworks",
				);
				PRODUCT_BUNDLE_IDENTIFIER = memo.ParstagramUITests;
				PRODUCT_NAME = "$(TARGET_NAME)";
				SWIFT_VERSION = 5.0;
				TARGETED_DEVICE_FAMILY = "1,2";
				TEST_TARGET_NAME = Parstagram;
			};
			name = Release;
		};
/* End XCBuildConfiguration section */

/* Begin XCConfigurationList section */
		246A60F025FD84DA0026C84E /* Build configuration list for PBXProject "Parstagram" */ = {
			isa = XCConfigurationList;
			buildConfigurations = (
				246A611D25FD84DC0026C84E /* Debug */,
				246A611E25FD84DC0026C84E /* Release */,
			);
			defaultConfigurationIsVisible = 0;
			defaultConfigurationName = Release;
		};
		246A611F25FD84DC0026C84E /* Build configuration list for PBXNativeTarget "Parstagram" */ = {
			isa = XCConfigurationList;
			buildConfigurations = (
				246A612025FD84DC0026C84E /* Debug */,
				246A612125FD84DC0026C84E /* Release */,
			);
			defaultConfigurationIsVisible = 0;
			defaultConfigurationName = Release;
		};
		246A612225FD84DC0026C84E /* Build configuration list for PBXNativeTarget "ParstagramTests" */ = {
			isa = XCConfigurationList;
			buildConfigurations = (
				246A612325FD84DC0026C84E /* Debug */,
				246A612425FD84DC0026C84E /* Release */,
			);
			defaultConfigurationIsVisible = 0;
			defaultConfigurationName = Release;
		};
		246A612525FD84DC0026C84E /* Build configuration list for PBXNativeTarget "ParstagramUITests" */ = {
			isa = XCConfigurationList;
			buildConfigurations = (
				246A612625FD84DC0026C84E /* Debug */,
				246A612725FD84DC0026C84E /* Release */,
			);
			defaultConfigurationIsVisible = 0;
			defaultConfigurationName = Release;
		};
/* End XCConfigurationList section */
	};
	rootObject = 246A60ED25FD84DA0026C84E /* Project object */;
}
